
Microsoft Visual Studio Solution File, Format Version 12.00
# Visual Studio Version 16
VisualStudioVersion = 16.0.31112.23
MinimumVisualStudioVersion = 10.0.40219.1
Project("{9A19103F-16F7-4668-BE54-9A1E7A4F7556}") = "Task 1", "example1\Task 1.csproj", "{DD761943-52CC-4C54-8702-393DA851627C}"
EndProject
Global
	GlobalSection(SolutionConfigurationPlatforms) = preSolution
		Debug|Any CPU = Debug|Any CPU
		Release|Any CPU = Release|Any CPU
	EndGlobalSection
	GlobalSection(ProjectConfigurationPlatforms) = postSolution
		{DD761943-52CC-4C54-8702-393DA851627C}.Debug|Any CPU.ActiveCfg = Debug|Any CPU
		{DD761943-52CC-4C54-8702-393DA851627C}.Debug|Any CPU.Build.0 = Debug|Any CPU
		{DD761943-52CC-4C54-8702-393DA851627C}.Release|Any CPU.ActiveCfg = Release|Any CPU
		{DD761943-52CC-4C54-8702-393DA851627C}.Release|Any CPU.Build.0 = Release|Any CPU
	EndGlobalSection
	GlobalSection(SolutionProperties) = preSolution
		HideSolutionNode = FALSE
	EndGlobalSection
	GlobalSection(ExtensibilityGlobals) = postSolution
		SolutionGuid = {9C6963B5-8E78-4BA0-8949-B7668D650B3D}
	EndGlobalSection
EndGlobal
